
Microsoft Visual Studio Solution File, Format Version 12.00
# Visual Studio Version 17
VisualStudioVersion = 17.0.31903.59
MinimumVisualStudioVersion = 10.0.40219.1
Project("{FAE04EC0-301F-11D3-BF4B-00C04F79EFBC}") = "GolemCognitiveGraph", "GolemCognitiveGraph\GolemCognitiveGraph.csproj", "{C1FB5F7A-6F73-4D8E-9B85-2A1E8B4F7557}"
EndProject
Project("{FAE04EC0-301F-11D3-BF4B-00C04F79EFBC}") = "GolemCognitiveGraph.Tests", "GolemCognitiveGraph.Tests\GolemCognitiveGraph.Tests.csproj", "{A2FB5F7A-6F73-4D8E-9B85-2A1E8B4F7558}"
EndProject
Project("{FAE04EC0-301F-11D3-BF4B-00C04F79EFBC}") = "GolemCognitiveGraph.Demo", "GolemCognitiveGraph.Demo\GolemCognitiveGraph.Demo.csproj", "{A3FB5F7A-6F73-4D8E-9B85-2A1E8B4F7559}"
EndProject
Global
	GlobalSection(SolutionConfigurationPlatforms) = preSolution
		Debug|Any CPU = Debug|Any CPU
		Release|Any CPU = Release|Any CPU
	EndGlobalSection
	GlobalSection(SolutionProperties) = preSolution
		HideSolutionNode = FALSE
	EndGlobalSection
	GlobalSection(ProjectConfigurationPlatforms) = postSolution
		{C1FB5F7A-6F73-4D8E-9B85-2A1E8B4F7557}.Debug|Any CPU.ActiveCfg = Debug|Any CPU
		{C1FB5F7A-6F73-4D8E-9B85-2A1E8B4F7557}.Debug|Any CPU.Build.0 = Debug|Any CPU
		{C1FB5F7A-6F73-4D8E-9B85-2A1E8B4F7557}.Release|Any CPU.ActiveCfg = Release|Any CPU
		{C1FB5F7A-6F73-4D8E-9B85-2A1E8B4F7557}.Release|Any CPU.Build.0 = Release|Any CPU
		{A2FB5F7A-6F73-4D8E-9B85-2A1E8B4F7558}.Debug|Any CPU.ActiveCfg = Debug|Any CPU
		{A2FB5F7A-6F73-4D8E-9B85-2A1E8B4F7558}.Debug|Any CPU.Build.0 = Debug|Any CPU
		{A2FB5F7A-6F73-4D8E-9B85-2A1E8B4F7558}.Release|Any CPU.ActiveCfg = Release|Any CPU
		{A2FB5F7A-6F73-4D8E-9B85-2A1E8B4F7558}.Release|Any CPU.Build.0 = Release|Any CPU
		{A3FB5F7A-6F73-4D8E-9B85-2A1E8B4F7559}.Debug|Any CPU.ActiveCfg = Debug|Any CPU
		{A3FB5F7A-6F73-4D8E-9B85-2A1E8B4F7559}.Debug|Any CPU.Build.0 = Debug|Any CPU
		{A3FB5F7A-6F73-4D8E-9B85-2A1E8B4F7559}.Release|Any CPU.ActiveCfg = Release|Any CPU
		{A3FB5F7A-6F73-4D8E-9B85-2A1E8B4F7559}.Release|Any CPU.Build.0 = Release|Any CPU
	EndGlobalSection
EndGlobal
